
Microsoft Visual Studio Solution File, Format Version 12.00
# Visual Studio Version 17
VisualStudioVersion = 17.1.32210.238
MinimumVisualStudioVersion = 10.0.40219.1
Project("{FAE04EC0-301F-11D3-BF4B-00C04F79EFBC}") = "391warehouse", "391warehouse\391warehouse.csproj", "{D2D11192-B033-4070-AD73-67556CB9F11B}"
EndProject
Global
	GlobalSection(SolutionConfigurationPlatforms) = preSolution
		Debug|Any CPU = Debug|Any CPU
		Release|Any CPU = Release|Any CPU
	EndGlobalSection
	GlobalSection(ProjectConfigurationPlatforms) = postSolution
		{D2D11192-B033-4070-AD73-67556CB9F11B}.Debug|Any CPU.ActiveCfg = Debug|Any CPU
		{D2D11192-B033-4070-AD73-67556CB9F11B}.Debug|Any CPU.Build.0 = Debug|Any CPU
		{D2D11192-B033-4070-AD73-67556CB9F11B}.Release|Any CPU.ActiveCfg = Release|Any CPU
		{D2D11192-B033-4070-AD73-67556CB9F11B}.Release|Any CPU.Build.0 = Release|Any CPU
	EndGlobalSection
	GlobalSection(SolutionProperties) = preSolution
		HideSolutionNode = FALSE
	EndGlobalSection
	GlobalSection(ExtensibilityGlobals) = postSolution
		SolutionGuid = {568A26EA-690B-45ED-A67A-266BC597C267}
	EndGlobalSection
EndGlobal
